github.com/rabbitmq/amqp091-go v1.10.0 h1:STpn5XsHlHGcecLmMFCtg7mqq0RnD+zFr4uzukfVhBw=
github.com/rabbitmq/amqp091-go v1.10.0/go.mod h1:Hy4jKW5kQART1u+JkDTF9YYOQUHXqMuhrgxOEeS7G4o=
github.com/valyala/fastrand v1.1.0 h1:f+5HkLW4rsgzdNoleUOB69hyT9IlD2ZQh9GyDMfb5G8=
github.com/valyala/fastrand v1.1.0/go.mod h1:HWqCzkrkg6QXT8V2EXWvXCoow7vLwOFN002oeRzjapQ=
github.com/velonetics/flatmap v1.0.0 h1:4CPSUHymeYkQ+CQsLMK6dckO8m/R2cyCAmEI1wCBsV8=
github.com/velonetics/flatmap v1.0.0/go.mod h1:sdiHe7b6GlhtUGXOEWMlYB4uLPUCbEQmPy7PV8xmHPo=
github.com/velonetics/lura/v2 v2.0.0 h1:01XH/58S6hIEUnhlR8D/IN0v6yK7JIXM56Tn+1sBfKM=
github.com/velonetics/lura/v2 v2.0.0/go.mod h1:cXeGRH6p+IVaSCFEGRj1cxUrI7prCRlK1v80mBPx3WY=
github.com/velonetics/velonetics-ratelimit/v3 v3.0.0 h1:r6AcyQMQ0LolSRDdFH+wwFHv6Ilpei2YVU6b7eWovPs=
github.com/velonetics/velonetics-ratelimit/v3 v3.0.0/go.mod h1:nqJ7Tab/e/1/9PWMv30OnSz29lQLKhKyiyTCtiwjl+g=
go.uber.org/goleak v1.3.0 h1:2K3zAYmnTNqV73imy9J1T3WC+gmCePx2hEGkimedGto=
go.uber.org/goleak v1.3.0/go.mod h1:CoHD4mav9JJNrW/WLlf7HGZPjdw8EucARQHekz1X6bE=
golang.org/x/sync v0.19.0 h1:vV+1eWNmZ5geRlYjzm2adRgW2/mcpevXNg50YZtPCE4=
golang.org/x/sync v0.19.0/go.mod h1:9KTHXmSnoGruLpwFjVSX0lNNA75CykiMECbovNTZqGI=
golang.org/x/text v0.34.0 h1:oL/Qq0Kdaqxa1KbNeMKwQq0reLCCaFtqu2eNuSeNHbk=
golang.org/x/text v0.34.0/go.mod h1:homfLqTYRFyVYemLBFl5GgL/DWEiH5wcsQ5gSh1yziA=
