github.com/pucora/flatmap v1.0.1 h1:SdX1G8ZiCGj6Gk3UGs6VoAQF9VjwhCqcDbuCoJO/ij8=
github.com/pucora/flatmap v1.0.1/go.mod h1:WD5c42qlY3Ap6V7CXg+F2+Z1xmXDqxNKCHBrzuT64Ls=
github.com/pucora/lura/v2 v2.0.9 h1:pPBU0rO71JeIp6k4xGwQweKHvd46+0BZRwb1Z7DZBE0=
github.com/pucora/lura/v2 v2.0.9/go.mod h1:7LJn5CTxnfAFbvsWyk6XqORnXXZ9uI3yn79Anz5qE4g=
github.com/pucora/pucora-ratelimit/v3 v3.0.1 h1:7GByZbFeZcf0rHWQ5jAqvVaNTl0uePz3cUYdoKVyZv4=
github.com/pucora/pucora-ratelimit/v3 v3.0.1/go.mod h1:uN0SwKSdOgvsEfvUrhedeh8Ayjr6tXvO1WFCyl8DXsE=
github.com/rabbitmq/amqp091-go v1.10.0 h1:STpn5XsHlHGcecLmMFCtg7mqq0RnD+zFr4uzukfVhBw=
github.com/rabbitmq/amqp091-go v1.10.0/go.mod h1:Hy4jKW5kQART1u+JkDTF9YYOQUHXqMuhrgxOEeS7G4o=
github.com/valyala/fastrand v1.1.0 h1:f+5HkLW4rsgzdNoleUOB69hyT9IlD2ZQh9GyDMfb5G8=
github.com/valyala/fastrand v1.1.0/go.mod h1:HWqCzkrkg6QXT8V2EXWvXCoow7vLwOFN002oeRzjapQ=
go.uber.org/goleak v1.3.0 h1:2K3zAYmnTNqV73imy9J1T3WC+gmCePx2hEGkimedGto=
go.uber.org/goleak v1.3.0/go.mod h1:CoHD4mav9JJNrW/WLlf7HGZPjdw8EucARQHekz1X6bE=
golang.org/x/sync v0.21.0 h1:HLII4xRRTtCRkxYp4HNFF0Js/Og6q2i++KXbg0gHCwM=
golang.org/x/sync v0.21.0/go.mod h1:9xrNwdLfx4jkKbNva9FpL6vEN7evnE43NNNJQ2LF3+0=
golang.org/x/text v0.38.0 h1:sXmwo9DwP3OK9EZ7PqAdaooSGozfl/3a6/xJcbzPRhE=
golang.org/x/text v0.38.0/go.mod h1:YXZt3QhHUKYT53r2lLKFIVi6Ao1jdzrTR/KQ09qyxF4=
